#MicroXplorer Configuration settings - do not modify
File.Version=6
KeepUserPlacement=false
Mcu.CPN=STM32H735IGK6
Mcu.Family=STM32H7
Mcu.Name=STM32H735IGKx
Mcu.Package=UFBGA176+25
Mcu.Pin0=PC2
Mcu.Pin1=PC3
Mcu.Pin2=PC13
Mcu.Pin3=PD8
Mcu.Pin4=PD9
Mcu.Pin5=PH0-OSC_IN
Mcu.Pin6=PH1-OSC_OUT
Mcu.Pin7=PA13(JTMS/SWDIO)
Mcu.Pin8=PA14(JTCK/SWCLK)
Mcu.PinsNb=9
PC2.GPIOParameters=GPIO_Label
PC2.GPIO_Label=LED2_ERROR
PC2.Locked=true
PC2.Signal=GPIO_Output
PC3.GPIOParameters=GPIO_Label
PC3.GPIO_Label=LED1_OK
PC3.Locked=true
PC3.Signal=GPIO_Output
PC13.GPIOParameters=GPIO_Label
PC13.GPIO_Label=USER_BUTTON
PC13.Locked=true
PC13.Signal=GPIO_Input
PD8.Mode=Asynchronous
PD8.Signal=USART3_TX
PD9.Mode=Asynchronous
PD9.Signal=USART3_RX
PH0-OSC_IN.Mode=HSE-External-Oscillator
PH0-OSC_IN.Signal=RCC_OSC_IN
PH1-OSC_OUT.Mode=HSE-External-Oscillator
PH1-OSC_OUT.Signal=RCC_OSC_OUT
PA13(JTMS/SWDIO).Signal=DEBUG_JTMS-SWDIO
PA14(JTCK/SWCLK).Signal=DEBUG_JTCK-SWCLK
RCC.HSE_VALUE=25000000
RCC.IPParameters=HSE_VALUE
ProjectManager.CompilerOptimize=6
ProjectManager.FirmwarePackage=STM32Cube FW_H7 V1.13.0
ProjectManager.KeepUserCode=true
ProjectManager.ProjectFileName=stm32h735g_dk.ioc
ProjectManager.ProjectName=stm32h735g_dk
ProjectManager.TargetToolchain=CMake
ProjectManager.ToolChain=CMake
board=STM32H735G-DK
